
Microsoft Visual Studio Solution File, Format Version 12.00
# Visual Studio Version 17
VisualStudioVersion = 17.9.34701.34
MinimumVisualStudioVersion = 10.0.40219.1
Project("{FAE04EC0-301F-11D3-BF4B-00C04F79EFBC}") = "Allat", "Allat\Allat.csproj", "{E64ADB72-342F-4DF3-849A-2307DB159BFF}"
EndProject
Global
	GlobalSection(SolutionConfigurationPlatforms) = preSolution
		Debug|Any CPU = Debug|Any CPU
		Release|Any CPU = Release|Any CPU
	EndGlobalSection
	GlobalSection(ProjectConfigurationPlatforms) = postSolution
		{E64ADB72-342F-4DF3-849A-2307DB159BFF}.Debug|Any CPU.ActiveCfg = Debug|Any CPU
		{E64ADB72-342F-4DF3-849A-2307DB159BFF}.Debug|Any CPU.Build.0 = Debug|Any CPU
		{E64ADB72-342F-4DF3-849A-2307DB159BFF}.Release|Any CPU.ActiveCfg = Release|Any CPU
		{E64ADB72-342F-4DF3-849A-2307DB159BFF}.Release|Any CPU.Build.0 = Release|Any CPU
	EndGlobalSection
	GlobalSection(SolutionProperties) = preSolution
		HideSolutionNode = FALSE
	EndGlobalSection
	GlobalSection(ExtensibilityGlobals) = postSolution
		SolutionGuid = {6828AC6C-C732-4164-9C94-031318DE099A}
	EndGlobalSection
EndGlobal
